// !$*UTF8*$!
{
	archiveVersion = 1;
	classes = {
	};
	objectVersion = 55;
	objects = {

/* Begin PBXBuildFile section */
		7F9E1E08272A76B300FC6BD2 /* AppDelegate.swift in Sources */ = {isa = PBXBuildFile; fileRef = 7F9E1E07272A76B300FC6BD2 /* AppDelegate.swift */; };
		7F9E1E0A272A76B300FC6BD2 /* SceneDelegate.swift in Sources */ = {isa = PBXBuildFile; fileRef = 7F9E1E09272A76B300FC6BD2 /* SceneDelegate.swift */; };
		7F9E1E0F272A76B300FC6BD2 /* Main.storyboard in Resources */ = {isa = PBXBuildFile; fileRef = 7F9E1E0D272A76B300FC6BD2 /* Main.storyboard */; };
		7F9E1E11272A76B600FC6BD2 /* Assets.xcassets in Resources */ = {isa = PBXBuildFile; fileRef = 7F9E1E10272A76B600FC6BD2 /* Assets.xcassets */; };
		7F9E1E14272A76B600FC6BD2 /* LaunchScreen.storyboard in Resources */ = {isa = PBXBuildFile; fileRef = 7F9E1E12272A76B600FC6BD2 /* LaunchScreen.storyboard */; };
		7F9E1E22272A7E8E00FC6BD2 /* FacilitiesWebService.swift in Sources */ = {isa = PBXBuildFile; fileRef = 7F9E1E21272A7E8E00FC6BD2 /* FacilitiesWebService.swift */; };
		7F9E1E26272A7F0400FC6BD2 /* HttpManager.swift in Sources */ = {isa = PBXBuildFile; fileRef = 7F9E1E25272A7F0400FC6BD2 /* HttpManager.swift */; };
		7F9E1E31272A801D00FC6BD2 /* ListTableCellVM.swift in Sources */ = {isa = PBXBuildFile; fileRef = 7F9E1E30272A801D00FC6BD2 /* ListTableCellVM.swift */; };
		7F9E1E33272A803300FC6BD2 /* OptionVM.swift in Sources */ = {isa = PBXBuildFile; fileRef = 7F9E1E32272A803300FC6BD2 /* OptionVM.swift */; };
		7F9E1E35272A80B500FC6BD2 /* FacilitiesVM.swift in Sources */ = {isa = PBXBuildFile; fileRef = 7F9E1E34272A80B500FC6BD2 /* FacilitiesVM.swift */; };
		7F9E1E3B272A817A00FC6BD2 /* Facility.swift in Sources */ = {isa = PBXBuildFile; fileRef = 7F9E1E3A272A817A00FC6BD2 /* Facility.swift */; };
		7F9E1E42272A84D200FC6BD2 /* FacilitiesViewController.swift in Sources */ = {isa = PBXBuildFile; fileRef = 7F9E1E41272A84D200FC6BD2 /* FacilitiesViewController.swift */; };
		7F9E1E44272A84F600FC6BD2 /* ListTableCell.swift in Sources */ = {isa = PBXBuildFile; fileRef = 7F9E1E43272A84F600FC6BD2 /* ListTableCell.swift */; };
/* End PBXBuildFile section */

/* Begin PBXFileReference section */
		7F9E1E04272A76B300FC6BD2 /* MVVM.app */ = {isa = PBXFileReference; explicitFileType = wrapper.application; includeInIndex = 0; path = MVVM.app; sourceTree = BUILT_PRODUCTS_DIR; };
		7F9E1E07272A76B300FC6BD2 /* AppDelegate.swift */ = {isa = PBXFileReference; lastKnownFileType = sourcecode.swift; path = AppDelegate.swift; sourceTree = "<group>"; };
		7F9E1E09272A76B300FC6BD2 /* SceneDelegate.swift */ = {isa = PBXFileReference; lastKnownFileType = sourcecode.swift; path = SceneDelegate.swift; sourceTree = "<group>"; };
		7F9E1E0E272A76B300FC6BD2 /* Base */ = {isa = PBXFileReference; lastKnownFileType = file.storyboard; name = Base; path = Base.lproj/Main.storyboard; sourceTree = "<group>"; };
		7F9E1E10272A76B600FC6BD2 /* Assets.xcassets */ = {isa = PBXFileReference; lastKnownFileType = folder.assetcatalog; path = Assets.xcassets; sourceTree = "<group>"; };
		7F9E1E13272A76B600FC6BD2 /* Base */ = {isa = PBXFileReference; lastKnownFileType = file.storyboard; name = Base; path = Base.lproj/LaunchScreen.storyboard; sourceTree = "<group>"; };
		7F9E1E15272A76B600FC6BD2 /* Info.plist */ = {isa = PBXFileReference; lastKnownFileType = text.plist.xml; path = Info.plist; sourceTree = "<group>"; };
		7F9E1E21272A7E8E00FC6BD2 /* FacilitiesWebService.swift */ = {isa = PBXFileReference; lastKnownFileType = sourcecode.swift; path = FacilitiesWebService.swift; sourceTree = "<group>"; };
		7F9E1E25272A7F0400FC6BD2 /* HttpManager.swift */ = {isa = PBXFileReference; lastKnownFileType = sourcecode.swift; path = HttpManager.swift; sourceTree = "<group>"; };
		7F9E1E30272A801D00FC6BD2 /* ListTableCellVM.swift */ = {isa = PBXFileReference; lastKnownFileType = sourcecode.swift; path = ListTableCellVM.swift; sourceTree = "<group>"; };
		7F9E1E32272A803300FC6BD2 /* OptionVM.swift */ = {isa = PBXFileReference; lastKnownFileType = sourcecode.swift; path = OptionVM.swift; sourceTree = "<group>"; };
		7F9E1E34272A80B500FC6BD2 /* FacilitiesVM.swift */ = {isa = PBXFileReference; lastKnownFileType = sourcecode.swift; path = FacilitiesVM.swift; sourceTree = "<group>"; };
		7F9E1E3A272A817A00FC6BD2 /* Facility.swift */ = {isa = PBXFileReference; lastKnownFileType = sourcecode.swift; path = Facility.swift; sourceTree = "<group>"; };
		7F9E1E41272A84D200FC6BD2 /* FacilitiesViewController.swift */ = {isa = PBXFileReference; lastKnownFileType = sourcecode.swift; path = FacilitiesViewController.swift; sourceTree = "<group>"; };
		7F9E1E43272A84F600FC6BD2 /* ListTableCell.swift */ = {isa = PBXFileReference; lastKnownFileType = sourcecode.swift; path = ListTableCell.swift; sourceTree = "<group>"; };
/* End PBXFileReference section */

/* Begin PBXFrameworksBuildPhase section */
		7F9E1E01272A76B300FC6BD2 /* Frameworks */ = {
			isa = PBXFrameworksBuildPhase;
			buildActionMask = 2147483647;
			files = (
			);
			runOnlyForDeploymentPostprocessing = 0;
		};
/* End PBXFrameworksBuildPhase section */

/* Begin PBXGroup section */
		7F9E1DFB272A76B300FC6BD2 = {
			isa = PBXGroup;
			children = (
				7F9E1E06272A76B300FC6BD2 /* MVVM */,
				7F9E1E05272A76B300FC6BD2 /* Products */,
			);
			sourceTree = "<group>";
		};
		7F9E1E05272A76B300FC6BD2 /* Products */ = {
			isa = PBXGroup;
			children = (
				7F9E1E04272A76B300FC6BD2 /* MVVM.app */,
			);
			name = Products;
			sourceTree = "<group>";
		};
		7F9E1E06272A76B300FC6BD2 /* MVVM */ = {
			isa = PBXGroup;
			children = (
				7F9E1E1F272A7C8700FC6BD2 /* Modules */,
				7F9E1E1D272A7BFF00FC6BD2 /* Manager */,
				7F9E1E1C272A7BDE00FC6BD2 /* WebService */,
				7F9E1E1B272A7BB600FC6BD2 /* App */,
				7F9E1E1E272A7C2B00FC6BD2 /* Storyboards */,
				7F9E1E15272A76B600FC6BD2 /* Info.plist */,
			);
			path = MVVM;
			sourceTree = "<group>";
		};
		7F9E1E1B272A7BB600FC6BD2 /* App */ = {
			isa = PBXGroup;
			children = (
				7F9E1E10272A76B600FC6BD2 /* Assets.xcassets */,
				7F9E1E07272A76B300FC6BD2 /* AppDelegate.swift */,
				7F9E1E09272A76B300FC6BD2 /* SceneDelegate.swift */,
			);
			path = App;
			sourceTree = "<group>";
		};
		7F9E1E1C272A7BDE00FC6BD2 /* WebService */ = {
			isa = PBXGroup;
			children = (
				7F9E1E20272A7CE500FC6BD2 /* Facilities */,
			);
			path = WebService;
			sourceTree = "<group>";
		};
		7F9E1E1D272A7BFF00FC6BD2 /* Manager */ = {
			isa = PBXGroup;
			children = (
				7F9E1E24272A7EEC00FC6BD2 /* Web */,
			);
			path = Manager;
			sourceTree = "<group>";
		};
		7F9E1E1E272A7C2B00FC6BD2 /* Storyboards */ = {
			isa = PBXGroup;
			children = (
				7F9E1E12272A76B600FC6BD2 /* LaunchScreen.storyboard */,
				7F9E1E0D272A76B300FC6BD2 /* Main.storyboard */,
			);
			path = Storyboards;
			sourceTree = "<group>";
		};
		7F9E1E1F272A7C8700FC6BD2 /* Modules */ = {
			isa = PBXGroup;
			children = (
				7F9E1E29272A7F6A00FC6BD2 /* ViewModels */,
				7F9E1E2B272A7F8100FC6BD2 /* Views */,
				7F9E1E2A272A7F7B00FC6BD2 /* Models */,
			);
			path = Modules;
			sourceTree = "<group>";
		};
		7F9E1E20272A7CE500FC6BD2 /* Facilities */ = {
			isa = PBXGroup;
			children = (
				7F9E1E21272A7E8E00FC6BD2 /* FacilitiesWebService.swift */,
			);
			path = Facilities;
			sourceTree = "<group>";
		};
		7F9E1E24272A7EEC00FC6BD2 /* Web */ = {
			isa = PBXGroup;
			children = (
				7F9E1E25272A7F0400FC6BD2 /* HttpManager.swift */,
			);
			path = Web;
			sourceTree = "<group>";
		};
		7F9E1E29272A7F6A00FC6BD2 /* ViewModels */ = {
			isa = PBXGroup;
			children = (
				7F9E1E2C272A7FB700FC6BD2 /* Facilities */,
			);
			path = ViewModels;
			sourceTree = "<group>";
		};
		7F9E1E2A272A7F7B00FC6BD2 /* Models */ = {
			isa = PBXGroup;
			children = (
				7F9E1E37272A810C00FC6BD2 /* Facilities */,
			);
			path = Models;
			sourceTree = "<group>";
		};
		7F9E1E2B272A7F8100FC6BD2 /* Views */ = {
			isa = PBXGroup;
			children = (
				7F9E1E3E272A845D00FC6BD2 /* Facilities */,
			);
			path = Views;
			sourceTree = "<group>";
		};
		7F9E1E2C272A7FB700FC6BD2 /* Facilities */ = {
			isa = PBXGroup;
			children = (
				7F9E1E2E272A7FD600FC6BD2 /* Controller */,
				7F9E1E2D272A7FC800FC6BD2 /* TableCells */,
			);
			path = Facilities;
			sourceTree = "<group>";
		};
		7F9E1E2D272A7FC800FC6BD2 /* TableCells */ = {
			isa = PBXGroup;
			children = (
				7F9E1E2F272A7FF800FC6BD2 /* ListTableCellVM */,
			);
			path = TableCells;
			sourceTree = "<group>";
		};
		7F9E1E2E272A7FD600FC6BD2 /* Controller */ = {
			isa = PBXGroup;
			children = (
				7F9E1E34272A80B500FC6BD2 /* FacilitiesVM.swift */,
			);
			path = Controller;
			sourceTree = "<group>";
		};
		7F9E1E2F272A7FF800FC6BD2 /* ListTableCellVM */ = {
			isa = PBXGroup;
			children = (
				7F9E1E30272A801D00FC6BD2 /* ListTableCellVM.swift */,
				7F9E1E32272A803300FC6BD2 /* OptionVM.swift */,
			);
			path = ListTableCellVM;
			sourceTree = "<group>";
		};
		7F9E1E37272A810C00FC6BD2 /* Facilities */ = {
			isa = PBXGroup;
			children = (
				7F9E1E3A272A817A00FC6BD2 /* Facility.swift */,
			);
			path = Facilities;
			sourceTree = "<group>";
		};
		7F9E1E3E272A845D00FC6BD2 /* Facilities */ = {
			isa = PBXGroup;
			children = (
				7F9E1E40272A848E00FC6BD2 /* Controller */,
				7F9E1E3F272A847E00FC6BD2 /* TableCells */,
			);
			path = Facilities;
			sourceTree = "<group>";
		};
		7F9E1E3F272A847E00FC6BD2 /* TableCells */ = {
			isa = PBXGroup;
			children = (
				7F9E1E43272A84F600FC6BD2 /* ListTableCell.swift */,
			);
			path = TableCells;
			sourceTree = "<group>";
		};
		7F9E1E40272A848E00FC6BD2 /* Controller */ = {
			isa = PBXGroup;
			children = (
				7F9E1E41272A84D200FC6BD2 /* FacilitiesViewController.swift */,
			);
			path = Controller;
			sourceTree = "<group>";
		};
/* End PBXGroup section */

/* Begin PBXNativeTarget section */
		7F9E1E03272A76B300FC6BD2 /* MVVM */ = {
			isa = PBXNativeTarget;
			buildConfigurationList = 7F9E1E18272A76B600FC6BD2 /* Build configuration list for PBXNativeTarget "MVVM" */;
			buildPhases = (
				7F9E1E00272A76B300FC6BD2 /* Sources */,
				7F9E1E01272A76B300FC6BD2 /* Frameworks */,
				7F9E1E02272A76B300FC6BD2 /* Resources */,
			);
			buildRules = (
			);
			dependencies = (
			);
			name = MVVM;
			productName = MVVM;
			productReference = 7F9E1E04272A76B300FC6BD2 /* MVVM.app */;
			productType = "com.apple.product-type.application";
		};
/* End PBXNativeTarget section */

/* Begin PBXProject section */
		7F9E1DFC272A76B300FC6BD2 /* Project object */ = {
			isa = PBXProject;
			attributes = {
				BuildIndependentTargetsInParallel = 1;
				LastSwiftUpdateCheck = 1300;
				LastUpgradeCheck = 1300;
				TargetAttributes = {
					7F9E1E03272A76B300FC6BD2 = {
						CreatedOnToolsVersion = 13.0;
					};
				};
			};
			buildConfigurationList = 7F9E1DFF272A76B300FC6BD2 /* Build configuration list for PBXProject "MVVM" */;
			compatibilityVersion = "Xcode 13.0";
			developmentRegion = en;
			hasScannedForEncodings = 0;
			knownRegions = (
				en,
				Base,
			);
			mainGroup = 7F9E1DFB272A76B300FC6BD2;
			productRefGroup = 7F9E1E05272A76B300FC6BD2 /* Products */;
			projectDirPath = "";
			projectRoot = "";
			targets = (
				7F9E1E03272A76B300FC6BD2 /* MVVM */,
			);
		};
/* End PBXProject section */

/* Begin PBXResourcesBuildPhase section */
		7F9E1E02272A76B300FC6BD2 /* Resources */ = {
			isa = PBXResourcesBuildPhase;
			buildActionMask = 2147483647;
			files = (
				7F9E1E14272A76B600FC6BD2 /* LaunchScreen.storyboard in Resources */,
				7F9E1E11272A76B600FC6BD2 /* Assets.xcassets in Resources */,
				7F9E1E0F272A76B300FC6BD2 /* Main.storyboard in Resources */,
			);
			runOnlyForDeploymentPostprocessing = 0;
		};
/* End PBXResourcesBuildPhase section */

/* Begin PBXSourcesBuildPhase section */
		7F9E1E00272A76B300FC6BD2 /* Sources */ = {
			isa = PBXSourcesBuildPhase;
			buildActionMask = 2147483647;
			files = (
				7F9E1E33272A803300FC6BD2 /* OptionVM.swift in Sources */,
				7F9E1E26272A7F0400FC6BD2 /* HttpManager.swift in Sources */,
				7F9E1E3B272A817A00FC6BD2 /* Facility.swift in Sources */,
				7F9E1E44272A84F600FC6BD2 /* ListTableCell.swift in Sources */,
				7F9E1E22272A7E8E00FC6BD2 /* FacilitiesWebService.swift in Sources */,
				7F9E1E31272A801D00FC6BD2 /* ListTableCellVM.swift in Sources */,
				7F9E1E35272A80B500FC6BD2 /* FacilitiesVM.swift in Sources */,
				7F9E1E08272A76B300FC6BD2 /* AppDelegate.swift in Sources */,
				7F9E1E0A272A76B300FC6BD2 /* SceneDelegate.swift in Sources */,
				7F9E1E42272A84D200FC6BD2 /* FacilitiesViewController.swift in Sources */,
			);
			runOnlyForDeploymentPostprocessing = 0;
		};
/* End PBXSourcesBuildPhase section */

/* Begin PBXVariantGroup section */
		7F9E1E0D272A76B300FC6BD2 /* Main.storyboard */ = {
			isa = PBXVariantGroup;
			children = (
				7F9E1E0E272A76B300FC6BD2 /* Base */,
			);
			name = Main.storyboard;
			sourceTree = "<group>";
		};
		7F9E1E12272A76B600FC6BD2 /* LaunchScreen.storyboard */ = {
			isa = PBXVariantGroup;
			children = (
				7F9E1E13272A76B600FC6BD2 /* Base */,
			);
			name = LaunchScreen.storyboard;
			sourceTree = "<group>";
		};
/* End PBXVariantGroup section */

/* Begin XCBuildConfiguration section */
		7F9E1E16272A76B600FC6BD2 /* Debug */ = {
			isa = XCBuildConfiguration;
			buildSettings = {
				ALWAYS_SEARCH_USER_PATHS = NO;
				CLANG_ANALYZER_NONNULL = YES;
				CLANG_ANALYZER_NUMBER_OBJECT_CONVERSION = YES_AGGRESSIVE;
				CLANG_CXX_LANGUAGE_STANDARD = "gnu++17";
				CLANG_CXX_LIBRARY = "libc++";
				CLANG_ENABLE_MODULES = YES;
				CLANG_ENABLE_OBJC_ARC = YES;
				CLANG_ENABLE_OBJC_WEAK = YES;
				CLANG_WARN_BLOCK_CAPTURE_AUTORELEASING = YES;
				CLANG_WARN_BOOL_CONVERSION = YES;
				CLANG_WARN_COMMA = YES;
				CLANG_WARN_CONSTANT_CONVERSION = YES;
				CLANG_WARN_DEPRECATED_OBJC_IMPLEMENTATIONS = YES;
				CLANG_WARN_DIRECT_OBJC_ISA_USAGE = YES_ERROR;
				CLANG_WARN_DOCUMENTATION_COMMENTS = YES;
				CLANG_WARN_EMPTY_BODY = YES;
				CLANG_WARN_ENUM_CONVERSION = YES;
				CLANG_WARN_INFINITE_RECURSION = YES;
				CLANG_WARN_INT_CONVERSION = YES;
				CLANG_WARN_NON_LITERAL_NULL_CONVERSION = YES;
				CLANG_WARN_OBJC_IMPLICIT_RETAIN_SELF = YES;
				CLANG_WARN_OBJC_LITERAL_CONVERSION = YES;
				CLANG_WARN_OBJC_ROOT_CLASS = YES_ERROR;
				CLANG_WARN_QUOTED_INCLUDE_IN_FRAMEWORK_HEADER = YES;
				CLANG_WARN_RANGE_LOOP_ANALYSIS = YES;
				CLANG_WARN_STRICT_PROTOTYPES = YES;
				CLANG_WARN_SUSPICIOUS_MOVE = YES;
				CLANG_WARN_UNGUARDED_AVAILABILITY = YES_AGGRESSIVE;
				CLANG_WARN_UNREACHABLE_CODE = YES;
				CLANG_WARN__DUPLICATE_METHOD_MATCH = YES;
				COPY_PHASE_STRIP = NO;
				DEBUG_INFORMATION_FORMAT = dwarf;
				ENABLE_STRICT_OBJC_MSGSEND = YES;
				ENABLE_TESTABILITY = YES;
				GCC_C_LANGUAGE_STANDARD = gnu11;
				GCC_DYNAMIC_NO_PIC = NO;
				GCC_NO_COMMON_BLOCKS = YES;
				GCC_OPTIMIZATION_LEVEL = 0;
				GCC_PREPROCESSOR_DEFINITIONS = (
					"DEBUG=1",
					"$(inherited)",
				);
				GCC_WARN_64_TO_32_BIT_CONVERSION = YES;
				GCC_WARN_ABOUT_RETURN_TYPE = YES_ERROR;
				GCC_WARN_UNDECLARED_SELECTOR = YES;
				GCC_WARN_UNINITIALIZED_AUTOS = YES_AGGRESSIVE;
				GCC_WARN_UNUSED_FUNCTION = YES;
				GCC_WARN_UNUSED_VARIABLE = YES;
				IPHONEOS_DEPLOYMENT_TARGET = 15.0;
				MTL_ENABLE_DEBUG_INFO = INCLUDE_SOURCE;
				MTL_FAST_MATH = YES;
				ONLY_ACTIVE_ARCH = YES;
				SDKROOT = iphoneos;
				SWIFT_ACTIVE_COMPILATION_CONDITIONS = DEBUG;
				SWIFT_OPTIMIZATION_LEVEL = "-Onone";
			};
			name = Debug;
		};
		7F9E1E17272A76B600FC6BD2 /* Release */ = {
			isa = XCBuildConfiguration;
			buildSettings = {
				ALWAYS_SEARCH_USER_PATHS = NO;
				CLANG_ANALYZER_NONNULL = YES;
				CLANG_ANALYZER_NUMBER_OBJECT_CONVERSION = YES_AGGRESSIVE;
				CLANG_CXX_LANGUAGE_STANDARD = "gnu++17";
				CLANG_CXX_LIBRARY = "libc++";
				CLANG_ENABLE_MODULES = YES;
				CLANG_ENABLE_OBJC_ARC = YES;
				CLANG_ENABLE_OBJC_WEAK = YES;
				CLANG_WARN_BLOCK_CAPTURE_AUTORELEASING = YES;
				CLANG_WARN_BOOL_CONVERSION = YES;
				CLANG_WARN_COMMA = YES;
				CLANG_WARN_CONSTANT_CONVERSION = YES;
				CLANG_WARN_DEPRECATED_OBJC_IMPLEMENTATIONS = YES;
				CLANG_WARN_DIRECT_OBJC_ISA_USAGE = YES_ERROR;
				CLANG_WARN_DOCUMENTATION_COMMENTS = YES;
				CLANG_WARN_EMPTY_BODY = YES;
				CLANG_WARN_ENUM_CONVERSION = YES;
				CLANG_WARN_INFINITE_RECURSION = YES;
				CLANG_WARN_INT_CONVERSION = YES;
				CLANG_WARN_NON_LITERAL_NULL_CONVERSION = YES;
				CLANG_WARN_OBJC_IMPLICIT_RETAIN_SELF = YES;
				CLANG_WARN_OBJC_LITERAL_CONVERSION = YES;
				CLANG_WARN_OBJC_ROOT_CLASS = YES_ERROR;
				CLANG_WARN_QUOTED_INCLUDE_IN_FRAMEWORK_HEADER = YES;
				CLANG_WARN_RANGE_LOOP_ANALYSIS = YES;
				CLANG_WARN_STRICT_PROTOTYPES = YES;
				CLANG_WARN_SUSPICIOUS_MOVE = YES;
				CLANG_WARN_UNGUARDED_AVAILABILITY = YES_AGGRESSIVE;
				CLANG_WARN_UNREACHABLE_CODE = YES;
				CLANG_WARN__DUPLICATE_METHOD_MATCH = YES;
				COPY_PHASE_STRIP = NO;
				DEBUG_INFORMATION_FORMAT = "dwarf-with-dsym";
				ENABLE_NS_ASSERTIONS = NO;
				ENABLE_STRICT_OBJC_MSGSEND = YES;
				GCC_C_LANGUAGE_STANDARD = gnu11;
				GCC_NO_COMMON_BLOCKS = YES;
				GCC_WARN_64_TO_32_BIT_CONVERSION = YES;
				GCC_WARN_ABOUT_RETURN_TYPE = YES_ERROR;
				GCC_WARN_UNDECLARED_SELECTOR = YES;
				GCC_WARN_UNINITIALIZED_AUTOS = YES_AGGRESSIVE;
				GCC_WARN_UNUSED_FUNCTION = YES;
				GCC_WARN_UNUSED_VARIABLE = YES;
				IPHONEOS_DEPLOYMENT_TARGET = 15.0;
				MTL_ENABLE_DEBUG_INFO = NO;
				MTL_FAST_MATH = YES;
				SDKROOT = iphoneos;
				SWIFT_COMPILATION_MODE = wholemodule;
				SWIFT_OPTIMIZATION_LEVEL = "-O";
				VALIDATE_PRODUCT = YES;
			};
			name = Release;
		};
		7F9E1E19272A76B600FC6BD2 /* Debug */ = {
			isa = XCBuildConfiguration;
			buildSettings = {
				ASSETCATALOG_COMPILER_APPICON_NAME = AppIcon;
				ASSETCATALOG_COMPILER_GLOBAL_ACCENT_COLOR_NAME = AccentColor;
				CODE_SIGN_STYLE = Automatic;
				CURRENT_PROJECT_VERSION = 1;
				GENERATE_INFOPLIST_FILE = YES;
				INFOPLIST_FILE = MVVM/Info.plist;
				INFOPLIST_KEY_UIApplicationSupportsIndirectInputEvents = YES;
				INFOPLIST_KEY_UILaunchStoryboardName = LaunchScreen;
				INFOPLIST_KEY_UIMainStoryboardFile = Main;
				INFOPLIST_KEY_UISupportedInterfaceOrientations_iPad = "UIInterfaceOrientationPortrait UIInterfaceOrientationPortraitUpsideDown UIInterfaceOrientationLandscapeLeft UIInterfaceOrientationLandscapeRight";
				INFOPLIST_KEY_UISupportedInterfaceOrientations_iPhone = "UIInterfaceOrientationPortrait UIInterfaceOrientationLandscapeLeft UIInterfaceOrientationLandscapeRight";
				LD_RUNPATH_SEARCH_PATHS = (
					"$(inherited)",
					"@executable_path/Frameworks",
				);
				MARKETING_VERSION = 1.0;
				PRODUCT_BUNDLE_IDENTIFIER = Varunraj.MVVM;
				PRODUCT_NAME = "$(TARGET_NAME)";
				SWIFT_EMIT_LOC_STRINGS = YES;
				SWIFT_VERSION = 5.0;
				TARGETED_DEVICE_FAMILY = "1,2";
			};
			name = Debug;
		};
		7F9E1E1A272A76B600FC6BD2 /* Release */ = {
			isa = XCBuildConfiguration;
			buildSettings = {
				ASSETCATALOG_COMPILER_APPICON_NAME = AppIcon;
				ASSETCATALOG_COMPILER_GLOBAL_ACCENT_COLOR_NAME = AccentColor;
				CODE_SIGN_STYLE = Automatic;
				CURRENT_PROJECT_VERSION = 1;
				GENERATE_INFOPLIST_FILE = YES;
				INFOPLIST_FILE = MVVM/Info.plist;
				INFOPLIST_KEY_UIApplicationSupportsIndirectInputEvents = YES;
				INFOPLIST_KEY_UILaunchStoryboardName = LaunchScreen;
				INFOPLIST_KEY_UIMainStoryboardFile = Main;
				INFOPLIST_KEY_UISupportedInterfaceOrientations_iPad = "UIInterfaceOrientationPortrait UIInterfaceOrientationPortraitUpsideDown UIInterfaceOrientationLandscapeLeft UIInterfaceOrientationLandscapeRight";
				INFOPLIST_KEY_UISupportedInterfaceOrientations_iPhone = "UIInterfaceOrientationPortrait UIInterfaceOrientationLandscapeLeft UIInterfaceOrientationLandscapeRight";
				LD_RUNPATH_SEARCH_PATHS = (
					"$(inherited)",
					"@executable_path/Frameworks",
				);
				MARKETING_VERSION = 1.0;
				PRODUCT_BUNDLE_IDENTIFIER = Varunraj.MVVM;
				PRODUCT_NAME = "$(TARGET_NAME)";
				SWIFT_EMIT_LOC_STRINGS = YES;
				SWIFT_VERSION = 5.0;
				TARGETED_DEVICE_FAMILY = "1,2";
			};
			name = Release;
		};
/* End XCBuildConfiguration section */

/* Begin XCConfigurationList section */
		7F9E1DFF272A76B300FC6BD2 /* Build configuration list for PBXProject "MVVM" */ = {
			isa = XCConfigurationList;
			buildConfigurations = (
				7F9E1E16272A76B600FC6BD2 /* Debug */,
				7F9E1E17272A76B600FC6BD2 /* Release */,
			);
			defaultConfigurationIsVisible = 0;
			defaultConfigurationName = Release;
		};
		7F9E1E18272A76B600FC6BD2 /* Build configuration list for PBXNativeTarget "MVVM" */ = {
			isa = XCConfigurationList;
			buildConfigurations = (
				7F9E1E19272A76B600FC6BD2 /* Debug */,
				7F9E1E1A272A76B600FC6BD2 /* Release */,
			);
			defaultConfigurationIsVisible = 0;
			defaultConfigurationName = Release;
		};
/* End XCConfigurationList section */
	};
	rootObject = 7F9E1DFC272A76B300FC6BD2 /* Project object */;
}
